{
  "catalogs": {
    "azure-sdk-for-python": {
      "type": "nix",
      "hash": "sha256-6r93kkLU51j+OZkwvibIo2MbMd3LDHEnRqVBJl8gjpo=",
      "locked": {
        "lastModified": 1770750185,
        "ref": "refs/heads/main",
        "rev": "79211913f170120e8e69df8b8f3b798b3493208a",
        "revCount": 21674,
        "type": "git",
        "url": "https://github.com/limeytexan/azure-sdk-for-python"
      },
      "original": {
        "type": "git",
        "url": "https://github.com/limeytexan/azure-sdk-for-python"
      },
      "storePath": "/nix/store/3i65wrc7fqvvx9ld4hmwwwqfbffs3y18-source"
    }
  }
}